
Microsoft Visual Studio Solution File, Format Version 12.00
# Visual Studio Version 17
VisualStudioVersion = 17.5.33414.496
MinimumVisualStudioVersion = 10.0.40219.1
Project("{FAE04EC0-301F-11D3-BF4B-00C04F79EFBC}") = "DaFED", "DaFED\DaFED.csproj", "{D90292C4-203D-46C9-A41E-E14E66446849}"
EndProject
Global
	GlobalSection(SolutionConfigurationPlatforms) = preSolution
		Debug|Any CPU = Debug|Any CPU
		Release|Any CPU = Release|Any CPU
	EndGlobalSection
	GlobalSection(ProjectConfigurationPlatforms) = postSolution
		{D90292C4-203D-46C9-A41E-E14E66446849}.Debug|Any CPU.ActiveCfg = Debug|Any CPU
		{D90292C4-203D-46C9-A41E-E14E66446849}.Debug|Any CPU.Build.0 = Debug|Any CPU
		{D90292C4-203D-46C9-A41E-E14E66446849}.Release|Any CPU.ActiveCfg = Release|Any CPU
		{D90292C4-203D-46C9-A41E-E14E66446849}.Release|Any CPU.Build.0 = Release|Any CPU
	EndGlobalSection
	GlobalSection(SolutionProperties) = preSolution
		HideSolutionNode = FALSE
	EndGlobalSection
	GlobalSection(ExtensibilityGlobals) = postSolution
		SolutionGuid = {C627D7FF-B284-4C2E-B184-63F2E1096EFA}
	EndGlobalSection
EndGlobal
